
Microsoft Visual Studio Solution File, Format Version 12.00
# Visual Studio Version 17
VisualStudioVersion = 17.11.35219.272
MinimumVisualStudioVersion = 10.0.40219.1
Project("{FAE04EC0-301F-11D3-BF4B-00C04F79EFBC}") = "Phoenix.Web", "src\Phoenix.Web\Phoenix.Web.csproj", "{F4A9E76F-BE11-406B-AAE4-14355340D475}"
EndProject
Global
	GlobalSection(SolutionConfigurationPlatforms) = preSolution
		Debug|Any CPU = Debug|Any CPU
		Release|Any CPU = Release|Any CPU
	EndGlobalSection
	GlobalSection(ProjectConfigurationPlatforms) = postSolution
		{F4A9E76F-BE11-406B-AAE4-14355340D475}.Debug|Any CPU.ActiveCfg = Debug|Any CPU
		{F4A9E76F-BE11-406B-AAE4-14355340D475}.Debug|Any CPU.Build.0 = Debug|Any CPU
		{F4A9E76F-BE11-406B-AAE4-14355340D475}.Release|Any CPU.ActiveCfg = Release|Any CPU
		{F4A9E76F-BE11-406B-AAE4-14355340D475}.Release|Any CPU.Build.0 = Release|Any CPU
	EndGlobalSection
	GlobalSection(SolutionProperties) = preSolution
		HideSolutionNode = FALSE
	EndGlobalSection
	GlobalSection(ExtensibilityGlobals) = postSolution
		SolutionGuid = {D8440678-2D62-4F6D-BF34-CABD78665C31}
	EndGlobalSection
EndGlobal
